// !$*UTF8*$!
{
	archiveVersion = 1;
	classes = {
	};
	objectVersion = 56;
	objects = {

/* Begin PBXBuildFile section */
		A1000001 /* ArtimindMemoirApp.swift in Sources */ = {isa = PBXBuildFile; fileRef = B1000001 /* ArtimindMemoirApp.swift */; };
		A1000002 /* ContentView.swift in Sources */ = {isa = PBXBuildFile; fileRef = B1000002 /* ContentView.swift */; };
		A1000003 /* AppTheme.swift in Sources */ = {isa = PBXBuildFile; fileRef = B1000003 /* AppTheme.swift */; };
		A1000004 /* HomeView.swift in Sources */ = {isa = PBXBuildFile; fileRef = B1000004 /* HomeView.swift */; };
		A1000005 /* AddPhotosView.swift in Sources */ = {isa = PBXBuildFile; fileRef = B1000005 /* AddPhotosView.swift */; };
		A1000006 /* LifeMomentsView.swift in Sources */ = {isa = PBXBuildFile; fileRef = B1000006 /* LifeMomentsView.swift */; };
		A1000007 /* LovedOneView.swift in Sources */ = {isa = PBXBuildFile; fileRef = B1000007 /* LovedOneView.swift */; };
		A1000008 /* GeneratingView.swift in Sources */ = {isa = PBXBuildFile; fileRef = B1000008 /* GeneratingView.swift */; };
		A1000009 /* ResultView.swift in Sources */ = {isa = PBXBuildFile; fileRef = B1000009 /* ResultView.swift */; };
		A1000010 /* MemorySpaceView.swift in Sources */ = {isa = PBXBuildFile; fileRef = B1000010 /* MemorySpaceView.swift */; };
		A1000011 /* AlbumCardView.swift in Sources */ = {isa = PBXBuildFile; fileRef = B1000011 /* AlbumCardView.swift */; };
		A1000012 /* FloatingTabBar.swift in Sources */ = {isa = PBXBuildFile; fileRef = B1000012 /* FloatingTabBar.swift */; };
		A1000013 /* NavBarView.swift in Sources */ = {isa = PBXBuildFile; fileRef = B1000013 /* NavBarView.swift */; };
		A1000014 /* PhotoSlotView.swift in Sources */ = {isa = PBXBuildFile; fileRef = B1000014 /* PhotoSlotView.swift */; };
		A1000015 /* Assets.xcassets in Resources */ = {isa = PBXBuildFile; fileRef = B1000015 /* Assets.xcassets */; };
		A1000016 /* ThemePreviewView.swift in Sources */ = {isa = PBXBuildFile; fileRef = B1000017 /* ThemePreviewView.swift */; };
		A1000017 /* UploadPhotosPickerView.swift in Sources */ = {isa = PBXBuildFile; fileRef = B1000018 /* UploadPhotosPickerView.swift */; };
		A1000020 /* GlassTypes.swift in Sources */ = {isa = PBXBuildFile; fileRef = B1000020 /* GlassTypes.swift */; };
		A1000021 /* GlassButtonBackgroundModifier.swift in Sources */ = {isa = PBXBuildFile; fileRef = B1000021 /* GlassButtonBackgroundModifier.swift */; };
		A1000022 /* LiquidGlassIconButton.swift in Sources */ = {isa = PBXBuildFile; fileRef = B1000022 /* LiquidGlassIconButton.swift */; };
		A1000023 /* LiquidGlassTextButton.swift in Sources */ = {isa = PBXBuildFile; fileRef = B1000023 /* LiquidGlassTextButton.swift */; };
		A1000024 /* GlassCard.swift in Sources */ = {isa = PBXBuildFile; fileRef = B1000024 /* GlassCard.swift */; };
		A1000025 /* LiquidGlassUnion.swift in Sources */ = {isa = PBXBuildFile; fileRef = B1000025 /* LiquidGlassUnion.swift */; };
		A1000026 /* ArtimindComponents.swift in Sources */ = {isa = PBXBuildFile; fileRef = B1000026 /* ArtimindComponents.swift */; };
		A1000030 /* DetectingFacesView.swift in Sources */ = {isa = PBXBuildFile; fileRef = B1000030 /* DetectingFacesView.swift */; };
		A1000031 /* ArtimindActivityAttributes.swift in Sources */ = {isa = PBXBuildFile; fileRef = B1000031 /* ArtimindActivityAttributes.swift */; };
		A1000032 /* LiveActivityController.swift in Sources */ = {isa = PBXBuildFile; fileRef = B1000032 /* LiveActivityController.swift */; };
		A1000050 /* ArtimindMemoirWidgetsBundle.swift in Sources */ = {isa = PBXBuildFile; fileRef = B1000050 /* ArtimindMemoirWidgetsBundle.swift */; };
		A1000051 /* ArtimindActivityAttributes.swift in Sources */ = {isa = PBXBuildFile; fileRef = B1000051 /* ArtimindActivityAttributes.swift */; };
		A1000052 /* ArtimindGeneratingLiveActivity.swift in Sources */ = {isa = PBXBuildFile; fileRef = B1000052 /* ArtimindGeneratingLiveActivity.swift */; };
		A1000055 /* ArtimindMemoirWidgetsExtension.appex in Embed Foundation Extensions */ = {isa = PBXBuildFile; fileRef = B1000054 /* ArtimindMemoirWidgetsExtension.appex */; settings = {ATTRIBUTES = (RemoveHeadersOnCopy, ); }; };
		A1000070 /* CormorantGaramond-Regular.ttf in Resources */ = {isa = PBXBuildFile; fileRef = B1000070 /* CormorantGaramond-Regular.ttf */; };
		A1000071 /* CormorantGaramond-Medium.ttf in Resources */ = {isa = PBXBuildFile; fileRef = B1000071 /* CormorantGaramond-Medium.ttf */; };
		A1000072 /* CormorantGaramond-SemiBold.ttf in Resources */ = {isa = PBXBuildFile; fileRef = B1000072 /* CormorantGaramond-SemiBold.ttf */; };
		A1000073 /* CormorantGaramond-Bold.ttf in Resources */ = {isa = PBXBuildFile; fileRef = B1000073 /* CormorantGaramond-Bold.ttf */; };
		A1000074 /* CormorantGaramond-Italic.ttf in Resources */ = {isa = PBXBuildFile; fileRef = B1000074 /* CormorantGaramond-Italic.ttf */; };
		A1000075 /* CormorantGaramond-SemiBoldItalic.ttf in Resources */ = {isa = PBXBuildFile; fileRef = B1000075 /* CormorantGaramond-SemiBoldItalic.ttf */; };
		A1000076 /* CormorantGaramond-BoldItalic.ttf in Resources */ = {isa = PBXBuildFile; fileRef = B1000076 /* CormorantGaramond-BoldItalic.ttf */; };
		A1000077 /* DMSans-Regular.ttf in Resources */ = {isa = PBXBuildFile; fileRef = B1000077 /* DMSans-Regular.ttf */; };
		A1000078 /* DMSans-Medium.ttf in Resources */ = {isa = PBXBuildFile; fileRef = B1000078 /* DMSans-Medium.ttf */; };
		A1000079 /* DMSans-SemiBold.ttf in Resources */ = {isa = PBXBuildFile; fileRef = B1000079 /* DMSans-SemiBold.ttf */; };
		A100007A /* DMSans-Bold.ttf in Resources */ = {isa = PBXBuildFile; fileRef = B100007A /* DMSans-Bold.ttf */; };
		A10000B0 /* wedding-preview.mov in Resources */ = {isa = PBXBuildFile; fileRef = B10000B0 /* wedding-preview.mov */; };
		A10000B1 /* restore-hero.mov in Resources */ = {isa = PBXBuildFile; fileRef = B10000B1 /* restore-hero.mov */; };
		A1000080 /* Assets.xcassets in Resources */ = {isa = PBXBuildFile; fileRef = B1000080 /* Assets.xcassets */; };
		A1000090 /* ProfileView.swift in Sources */ = {isa = PBXBuildFile; fileRef = B1000090 /* ProfileView.swift */; };
		A10000C0 /* RestoreView.swift in Sources */ = {isa = PBXBuildFile; fileRef = B10000C0 /* RestoreView.swift */; };
		A10000C1 /* PeopleListView.swift in Sources */ = {isa = PBXBuildFile; fileRef = B10000C1 /* PeopleListView.swift */; };
		A10000C2 /* PersonTimelineView.swift in Sources */ = {isa = PBXBuildFile; fileRef = B10000C2 /* PersonTimelineView.swift */; };
		A10000C3 /* PhotoDetailView.swift in Sources */ = {isa = PBXBuildFile; fileRef = B10000C3 /* PhotoDetailView.swift */; };
		A10000D0 /* PhotoRestoreGuideView.swift in Sources */ = {isa = PBXBuildFile; fileRef = B10000D0 /* PhotoRestoreGuideView.swift */; };
		A10000D1 /* PhotoRestorePreviewView.swift in Sources */ = {isa = PBXBuildFile; fileRef = B10000D1 /* PhotoRestorePreviewView.swift */; };
		A10000D2 /* PhotoRestoreProcessingView.swift in Sources */ = {isa = PBXBuildFile; fileRef = B10000D2 /* PhotoRestoreProcessingView.swift */; };
		A10000D3 /* PhotoRestoreResultView.swift in Sources */ = {isa = PBXBuildFile; fileRef = B10000D3 /* PhotoRestoreResultView.swift */; };
		A10000D4 /* ColorizeGuideView.swift in Sources */ = {isa = PBXBuildFile; fileRef = B10000D4 /* ColorizeGuideView.swift */; };
		A10000D5 /* FaceEnhanceGuideView.swift in Sources */ = {isa = PBXBuildFile; fileRef = B10000D5 /* FaceEnhanceGuideView.swift */; };
		A10000D6 /* VideoRestoreGuideView.swift in Sources */ = {isa = PBXBuildFile; fileRef = B10000D6 /* VideoRestoreGuideView.swift */; };
		A10000D7 /* TextEditGuideView.swift in Sources */ = {isa = PBXBuildFile; fileRef = B10000D7 /* TextEditGuideView.swift */; };
		A10000D8 /* TextEditPhotoView.swift in Sources */ = {isa = PBXBuildFile; fileRef = B10000D8 /* TextEditPhotoView.swift */; };
		A10000D9 /* TextEditResultView.swift in Sources */ = {isa = PBXBuildFile; fileRef = B10000D9 /* TextEditResultView.swift */; };
		A10000E0 /* VoiceTributeSession.swift in Sources */ = {isa = PBXBuildFile; fileRef = B10000E0 /* VoiceTributeSession.swift */; };
		A10000E1 /* VoiceTributeGuideView.swift in Sources */ = {isa = PBXBuildFile; fileRef = B10000E1 /* VoiceTributeGuideView.swift */; };
		A10000E2 /* VoiceTributePhotoView.swift in Sources */ = {isa = PBXBuildFile; fileRef = B10000E2 /* VoiceTributePhotoView.swift */; };
		A10000E3 /* VoiceTributeAudioView.swift in Sources */ = {isa = PBXBuildFile; fileRef = B10000E3 /* VoiceTributeAudioView.swift */; };
		A10000E7 /* VoiceGalleryView.swift in Sources */ = {isa = PBXBuildFile; fileRef = B10000E7 /* VoiceGalleryView.swift */; };
		A10000E4 /* VoiceTributeScriptView.swift in Sources */ = {isa = PBXBuildFile; fileRef = B10000E4 /* VoiceTributeScriptView.swift */; };
		A10000E5 /* VoiceTributeProcessingView.swift in Sources */ = {isa = PBXBuildFile; fileRef = B10000E5 /* VoiceTributeProcessingView.swift */; };
		A10000E6 /* VoiceTributeResultView.swift in Sources */ = {isa = PBXBuildFile; fileRef = B10000E6 /* VoiceTributeResultView.swift */; };
		A1000091 /* DetectionFailedView.swift in Sources */ = {isa = PBXBuildFile; fileRef = B1000091 /* DetectionFailedView.swift */; };
		A1000092 /* NavigationSignals.swift in Sources */ = {isa = PBXBuildFile; fileRef = B1000092 /* NavigationSignals.swift */; };
		A1000093 /* GenerationManager.swift in Sources */ = {isa = PBXBuildFile; fileRef = B1000093 /* GenerationManager.swift */; };
		A1000095 /* PeopleStore.swift in Sources */ = {isa = PBXBuildFile; fileRef = B1000095 /* PeopleStore.swift */; };
		A1000094 /* PaywallView.swift in Sources */ = {isa = PBXBuildFile; fileRef = B1000094 /* PaywallView.swift */; };
		A10000A0 /* WeddingTemplate.swift in Sources */ = {isa = PBXBuildFile; fileRef = B10000A0 /* WeddingTemplate.swift */; };
		A10000A1 /* WeddingTributeManager.swift in Sources */ = {isa = PBXBuildFile; fileRef = B10000A1 /* WeddingTributeManager.swift */; };
		A10000A3 /* WeddingUploadPhotosView.swift in Sources */ = {isa = PBXBuildFile; fileRef = B10000A3 /* WeddingUploadPhotosView.swift */; };
		A10000A4 /* WeddingUploadAudioView.swift in Sources */ = {isa = PBXBuildFile; fileRef = B10000A4 /* WeddingUploadAudioView.swift */; };
		A10000A5 /* WeddingEditScriptView.swift in Sources */ = {isa = PBXBuildFile; fileRef = B10000A5 /* WeddingEditScriptView.swift */; };
		A10000A6 /* WeddingProcessingView.swift in Sources */ = {isa = PBXBuildFile; fileRef = B10000A6 /* WeddingProcessingView.swift */; };
		A10000A7 /* WeddingOutputPreviewView.swift in Sources */ = {isa = PBXBuildFile; fileRef = B10000A7 /* WeddingOutputPreviewView.swift */; };
/* End PBXBuildFile section */

/* Begin PBXContainerItemProxy section */
		P1000050 /* PBXContainerItemProxy */ = {
			isa = PBXContainerItemProxy;
			containerPortal = E1000000 /* Project object */;
			proxyType = 1;
			remoteGlobalIDString = E1000050;
			remoteInfo = ArtimindMemoirWidgetsExtension;
		};
/* End PBXContainerItemProxy section */

/* Begin PBXCopyFilesBuildPhase section */
		E1000063 /* Embed Foundation Extensions */ = {
			isa = PBXCopyFilesBuildPhase;
			buildActionMask = 2147483647;
			dstPath = "";
			dstSubfolderSpec = 13;
			files = (
				A1000055 /* ArtimindMemoirWidgetsExtension.appex in Embed Foundation Extensions */,
			);
			name = "Embed Foundation Extensions";
			runOnlyForDeploymentPostprocessing = 0;
		};
/* End PBXCopyFilesBuildPhase section */

/* Begin PBXFileReference section */
		B1000000 /* ArtimindMemoir.app */ = {isa = PBXFileReference; explicitFileType = wrapper.application; includeInIndex = 0; path = ArtimindMemoir.app; sourceTree = BUILT_PRODUCTS_DIR; };
		B1000001 /* ArtimindMemoirApp.swift */ = {isa = PBXFileReference; lastKnownFileType = sourcecode.swift; path = ArtimindMemoirApp.swift; sourceTree = "<group>"; };
		B1000002 /* ContentView.swift */ = {isa = PBXFileReference; lastKnownFileType = sourcecode.swift; path = ContentView.swift; sourceTree = "<group>"; };
		B1000003 /* AppTheme.swift */ = {isa = PBXFileReference; lastKnownFileType = sourcecode.swift; path = AppTheme.swift; sourceTree = "<group>"; };
		B1000004 /* HomeView.swift */ = {isa = PBXFileReference; lastKnownFileType = sourcecode.swift; path = HomeView.swift; sourceTree = "<group>"; };
		B1000005 /* AddPhotosView.swift */ = {isa = PBXFileReference; lastKnownFileType = sourcecode.swift; path = AddPhotosView.swift; sourceTree = "<group>"; };
		B1000006 /* LifeMomentsView.swift */ = {isa = PBXFileReference; lastKnownFileType = sourcecode.swift; path = LifeMomentsView.swift; sourceTree = "<group>"; };
		B1000007 /* LovedOneView.swift */ = {isa = PBXFileReference; lastKnownFileType = sourcecode.swift; path = LovedOneView.swift; sourceTree = "<group>"; };
		B1000008 /* GeneratingView.swift */ = {isa = PBXFileReference; lastKnownFileType = sourcecode.swift; path = GeneratingView.swift; sourceTree = "<group>"; };
		B1000009 /* ResultView.swift */ = {isa = PBXFileReference; lastKnownFileType = sourcecode.swift; path = ResultView.swift; sourceTree = "<group>"; };
		B1000010 /* MemorySpaceView.swift */ = {isa = PBXFileReference; lastKnownFileType = sourcecode.swift; path = MemorySpaceView.swift; sourceTree = "<group>"; };
		B1000011 /* AlbumCardView.swift */ = {isa = PBXFileReference; lastKnownFileType = sourcecode.swift; path = AlbumCardView.swift; sourceTree = "<group>"; };
		B1000012 /* FloatingTabBar.swift */ = {isa = PBXFileReference; lastKnownFileType = sourcecode.swift; path = FloatingTabBar.swift; sourceTree = "<group>"; };
		B1000013 /* NavBarView.swift */ = {isa = PBXFileReference; lastKnownFileType = sourcecode.swift; path = NavBarView.swift; sourceTree = "<group>"; };
		B1000014 /* PhotoSlotView.swift */ = {isa = PBXFileReference; lastKnownFileType = sourcecode.swift; path = PhotoSlotView.swift; sourceTree = "<group>"; };
		B1000015 /* Assets.xcassets */ = {isa = PBXFileReference; lastKnownFileType = folder.assetcatalog; path = Assets.xcassets; sourceTree = "<group>"; };
		B1000016 /* Info.plist */ = {isa = PBXFileReference; lastKnownFileType = text.plist.xml; path = Info.plist; sourceTree = "<group>"; };
		B1000017 /* ThemePreviewView.swift */ = {isa = PBXFileReference; lastKnownFileType = sourcecode.swift; path = ThemePreviewView.swift; sourceTree = "<group>"; };
		B1000018 /* UploadPhotosPickerView.swift */ = {isa = PBXFileReference; lastKnownFileType = sourcecode.swift; path = UploadPhotosPickerView.swift; sourceTree = "<group>"; };
		B1000020 /* GlassTypes.swift */ = {isa = PBXFileReference; lastKnownFileType = sourcecode.swift; path = GlassTypes.swift; sourceTree = "<group>"; };
		B1000021 /* GlassButtonBackgroundModifier.swift */ = {isa = PBXFileReference; lastKnownFileType = sourcecode.swift; path = GlassButtonBackgroundModifier.swift; sourceTree = "<group>"; };
		B1000022 /* LiquidGlassIconButton.swift */ = {isa = PBXFileReference; lastKnownFileType = sourcecode.swift; path = LiquidGlassIconButton.swift; sourceTree = "<group>"; };
		B1000023 /* LiquidGlassTextButton.swift */ = {isa = PBXFileReference; lastKnownFileType = sourcecode.swift; path = LiquidGlassTextButton.swift; sourceTree = "<group>"; };
		B1000024 /* GlassCard.swift */ = {isa = PBXFileReference; lastKnownFileType = sourcecode.swift; path = GlassCard.swift; sourceTree = "<group>"; };
		B1000025 /* LiquidGlassUnion.swift */ = {isa = PBXFileReference; lastKnownFileType = sourcecode.swift; path = LiquidGlassUnion.swift; sourceTree = "<group>"; };
		B1000026 /* ArtimindComponents.swift */ = {isa = PBXFileReference; lastKnownFileType = sourcecode.swift; path = ArtimindComponents.swift; sourceTree = "<group>"; };
		B1000030 /* DetectingFacesView.swift */ = {isa = PBXFileReference; lastKnownFileType = sourcecode.swift; path = DetectingFacesView.swift; sourceTree = "<group>"; };
		B1000031 /* ArtimindActivityAttributes.swift */ = {isa = PBXFileReference; lastKnownFileType = sourcecode.swift; path = ArtimindActivityAttributes.swift; sourceTree = "<group>"; };
		B1000032 /* LiveActivityController.swift */ = {isa = PBXFileReference; lastKnownFileType = sourcecode.swift; path = LiveActivityController.swift; sourceTree = "<group>"; };
		B1000050 /* ArtimindMemoirWidgetsBundle.swift */ = {isa = PBXFileReference; lastKnownFileType = sourcecode.swift; path = ArtimindMemoirWidgetsBundle.swift; sourceTree = "<group>"; };
		B1000051 /* ArtimindActivityAttributes.swift */ = {isa = PBXFileReference; lastKnownFileType = sourcecode.swift; path = ArtimindActivityAttributes.swift; sourceTree = "<group>"; };
		B1000052 /* ArtimindGeneratingLiveActivity.swift */ = {isa = PBXFileReference; lastKnownFileType = sourcecode.swift; path = ArtimindGeneratingLiveActivity.swift; sourceTree = "<group>"; };
		B1000053 /* Info.plist */ = {isa = PBXFileReference; lastKnownFileType = text.plist.xml; path = Info.plist; sourceTree = "<group>"; };
		B1000054 /* ArtimindMemoirWidgetsExtension.appex */ = {isa = PBXFileReference; explicitFileType = "wrapper.app-extension"; includeInIndex = 0; path = ArtimindMemoirWidgetsExtension.appex; sourceTree = BUILT_PRODUCTS_DIR; };
		B1000070 /* CormorantGaramond-Regular.ttf */ = {isa = PBXFileReference; lastKnownFileType = file; path = "CormorantGaramond-Regular.ttf"; sourceTree = "<group>"; };
		B1000071 /* CormorantGaramond-Medium.ttf */ = {isa = PBXFileReference; lastKnownFileType = file; path = "CormorantGaramond-Medium.ttf"; sourceTree = "<group>"; };
		B1000072 /* CormorantGaramond-SemiBold.ttf */ = {isa = PBXFileReference; lastKnownFileType = file; path = "CormorantGaramond-SemiBold.ttf"; sourceTree = "<group>"; };
		B1000073 /* CormorantGaramond-Bold.ttf */ = {isa = PBXFileReference; lastKnownFileType = file; path = "CormorantGaramond-Bold.ttf"; sourceTree = "<group>"; };
		B1000074 /* CormorantGaramond-Italic.ttf */ = {isa = PBXFileReference; lastKnownFileType = file; path = "CormorantGaramond-Italic.ttf"; sourceTree = "<group>"; };
		B1000075 /* CormorantGaramond-SemiBoldItalic.ttf */ = {isa = PBXFileReference; lastKnownFileType = file; path = "CormorantGaramond-SemiBoldItalic.ttf"; sourceTree = "<group>"; };
		B1000076 /* CormorantGaramond-BoldItalic.ttf */ = {isa = PBXFileReference; lastKnownFileType = file; path = "CormorantGaramond-BoldItalic.ttf"; sourceTree = "<group>"; };
		B1000077 /* DMSans-Regular.ttf */ = {isa = PBXFileReference; lastKnownFileType = file; path = "DMSans-Regular.ttf"; sourceTree = "<group>"; };
		B1000078 /* DMSans-Medium.ttf */ = {isa = PBXFileReference; lastKnownFileType = file; path = "DMSans-Medium.ttf"; sourceTree = "<group>"; };
		B1000079 /* DMSans-SemiBold.ttf */ = {isa = PBXFileReference; lastKnownFileType = file; path = "DMSans-SemiBold.ttf"; sourceTree = "<group>"; };
		B100007A /* DMSans-Bold.ttf */ = {isa = PBXFileReference; lastKnownFileType = file; path = "DMSans-Bold.ttf"; sourceTree = "<group>"; };
		B10000B0 /* wedding-preview.mov */ = {isa = PBXFileReference; lastKnownFileType = video.quicktime; path = "wedding-preview.mov"; sourceTree = "<group>"; };
		B10000B1 /* restore-hero.mov */ = {isa = PBXFileReference; lastKnownFileType = video.quicktime; path = "restore-hero.mov"; sourceTree = "<group>"; };
		B1000080 /* Assets.xcassets */ = {isa = PBXFileReference; lastKnownFileType = folder.assetcatalog; path = Assets.xcassets; sourceTree = "<group>"; };
		B1000090 /* ProfileView.swift */ = {isa = PBXFileReference; lastKnownFileType = sourcecode.swift; path = ProfileView.swift; sourceTree = "<group>"; };
		B10000C0 /* RestoreView.swift */ = {isa = PBXFileReference; lastKnownFileType = sourcecode.swift; path = RestoreView.swift; sourceTree = "<group>"; };
		B10000C1 /* PeopleListView.swift */ = {isa = PBXFileReference; lastKnownFileType = sourcecode.swift; path = PeopleListView.swift; sourceTree = "<group>"; };
		B10000C2 /* PersonTimelineView.swift */ = {isa = PBXFileReference; lastKnownFileType = sourcecode.swift; path = PersonTimelineView.swift; sourceTree = "<group>"; };
		B10000C3 /* PhotoDetailView.swift */ = {isa = PBXFileReference; lastKnownFileType = sourcecode.swift; path = PhotoDetailView.swift; sourceTree = "<group>"; };
		B10000D0 /* PhotoRestoreGuideView.swift */ = {isa = PBXFileReference; lastKnownFileType = sourcecode.swift; path = PhotoRestoreGuideView.swift; sourceTree = "<group>"; };
		B10000D1 /* PhotoRestorePreviewView.swift */ = {isa = PBXFileReference; lastKnownFileType = sourcecode.swift; path = PhotoRestorePreviewView.swift; sourceTree = "<group>"; };
		B10000D2 /* PhotoRestoreProcessingView.swift */ = {isa = PBXFileReference; lastKnownFileType = sourcecode.swift; path = PhotoRestoreProcessingView.swift; sourceTree = "<group>"; };
		B10000D3 /* PhotoRestoreResultView.swift */ = {isa = PBXFileReference; lastKnownFileType = sourcecode.swift; path = PhotoRestoreResultView.swift; sourceTree = "<group>"; };
		B10000D4 /* ColorizeGuideView.swift */ = {isa = PBXFileReference; lastKnownFileType = sourcecode.swift; path = ColorizeGuideView.swift; sourceTree = "<group>"; };
		B10000D5 /* FaceEnhanceGuideView.swift */ = {isa = PBXFileReference; lastKnownFileType = sourcecode.swift; path = FaceEnhanceGuideView.swift; sourceTree = "<group>"; };
		B10000D6 /* VideoRestoreGuideView.swift */ = {isa = PBXFileReference; lastKnownFileType = sourcecode.swift; path = VideoRestoreGuideView.swift; sourceTree = "<group>"; };
		B10000D7 /* TextEditGuideView.swift */ = {isa = PBXFileReference; lastKnownFileType = sourcecode.swift; path = TextEditGuideView.swift; sourceTree = "<group>"; };
		B10000D8 /* TextEditPhotoView.swift */ = {isa = PBXFileReference; lastKnownFileType = sourcecode.swift; path = TextEditPhotoView.swift; sourceTree = "<group>"; };
		B10000D9 /* TextEditResultView.swift */ = {isa = PBXFileReference; lastKnownFileType = sourcecode.swift; path = TextEditResultView.swift; sourceTree = "<group>"; };
		B10000E0 /* VoiceTributeSession.swift */ = {isa = PBXFileReference; lastKnownFileType = sourcecode.swift; path = VoiceTributeSession.swift; sourceTree = "<group>"; };
		B10000E1 /* VoiceTributeGuideView.swift */ = {isa = PBXFileReference; lastKnownFileType = sourcecode.swift; path = VoiceTributeGuideView.swift; sourceTree = "<group>"; };
		B10000E2 /* VoiceTributePhotoView.swift */ = {isa = PBXFileReference; lastKnownFileType = sourcecode.swift; path = VoiceTributePhotoView.swift; sourceTree = "<group>"; };
		B10000E3 /* VoiceTributeAudioView.swift */ = {isa = PBXFileReference; lastKnownFileType = sourcecode.swift; path = VoiceTributeAudioView.swift; sourceTree = "<group>"; };
		B10000E7 /* VoiceGalleryView.swift */ = {isa = PBXFileReference; lastKnownFileType = sourcecode.swift; path = VoiceGalleryView.swift; sourceTree = "<group>"; };
		B10000E4 /* VoiceTributeScriptView.swift */ = {isa = PBXFileReference; lastKnownFileType = sourcecode.swift; path = VoiceTributeScriptView.swift; sourceTree = "<group>"; };
		B10000E5 /* VoiceTributeProcessingView.swift */ = {isa = PBXFileReference; lastKnownFileType = sourcecode.swift; path = VoiceTributeProcessingView.swift; sourceTree = "<group>"; };
		B10000E6 /* VoiceTributeResultView.swift */ = {isa = PBXFileReference; lastKnownFileType = sourcecode.swift; path = VoiceTributeResultView.swift; sourceTree = "<group>"; };
		B1000091 /* DetectionFailedView.swift */ = {isa = PBXFileReference; lastKnownFileType = sourcecode.swift; path = DetectionFailedView.swift; sourceTree = "<group>"; };
		B1000092 /* NavigationSignals.swift */ = {isa = PBXFileReference; lastKnownFileType = sourcecode.swift; path = NavigationSignals.swift; sourceTree = "<group>"; };
		B1000093 /* GenerationManager.swift */ = {isa = PBXFileReference; lastKnownFileType = sourcecode.swift; path = GenerationManager.swift; sourceTree = "<group>"; };
		B1000095 /* PeopleStore.swift */ = {isa = PBXFileReference; lastKnownFileType = sourcecode.swift; path = PeopleStore.swift; sourceTree = "<group>"; };
		B1000094 /* PaywallView.swift */ = {isa = PBXFileReference; lastKnownFileType = sourcecode.swift; path = PaywallView.swift; sourceTree = "<group>"; };
		B10000A0 /* WeddingTemplate.swift */ = {isa = PBXFileReference; lastKnownFileType = sourcecode.swift; path = WeddingTemplate.swift; sourceTree = "<group>"; };
		B10000A1 /* WeddingTributeManager.swift */ = {isa = PBXFileReference; lastKnownFileType = sourcecode.swift; path = WeddingTributeManager.swift; sourceTree = "<group>"; };
		B10000A3 /* WeddingUploadPhotosView.swift */ = {isa = PBXFileReference; lastKnownFileType = sourcecode.swift; path = WeddingUploadPhotosView.swift; sourceTree = "<group>"; };
		B10000A4 /* WeddingUploadAudioView.swift */ = {isa = PBXFileReference; lastKnownFileType = sourcecode.swift; path = WeddingUploadAudioView.swift; sourceTree = "<group>"; };
		B10000A5 /* WeddingEditScriptView.swift */ = {isa = PBXFileReference; lastKnownFileType = sourcecode.swift; path = WeddingEditScriptView.swift; sourceTree = "<group>"; };
		B10000A6 /* WeddingProcessingView.swift */ = {isa = PBXFileReference; lastKnownFileType = sourcecode.swift; path = WeddingProcessingView.swift; sourceTree = "<group>"; };
		B10000A7 /* WeddingOutputPreviewView.swift */ = {isa = PBXFileReference; lastKnownFileType = sourcecode.swift; path = WeddingOutputPreviewView.swift; sourceTree = "<group>"; };
/* End PBXFileReference section */

/* Begin PBXFrameworksBuildPhase section */
		C1000001 /* Frameworks */ = {
			isa = PBXFrameworksBuildPhase;
			buildActionMask = 2147483647;
			files = (
			);
			runOnlyForDeploymentPostprocessing = 0;
		};
		C1000050 /* Frameworks */ = {
			isa = PBXFrameworksBuildPhase;
			buildActionMask = 2147483647;
			files = (
			);
			runOnlyForDeploymentPostprocessing = 0;
		};
/* End PBXFrameworksBuildPhase section */

/* Begin PBXGroup section */
		D1000000 = {
			isa = PBXGroup;
			children = (
				D1000001 /* ArtimindMemoir */,
				D1000050 /* ArtimindMemoirWidgets */,
				D1000099 /* Products */,
			);
			sourceTree = "<group>";
		};
		D1000001 /* ArtimindMemoir */ = {
			isa = PBXGroup;
			children = (
				B1000001 /* ArtimindMemoirApp.swift */,
				B1000002 /* ContentView.swift */,
				B1000016 /* Info.plist */,
				B1000015 /* Assets.xcassets */,
				D1000010 /* Theme */,
				D1000020 /* Views */,
				D1000030 /* Components */,
				D1000040 /* Shared */,
				D1000071 /* Resources */,
			);
			path = ArtimindMemoir;
			sourceTree = "<group>";
		};
		D1000010 /* Theme */ = {
			isa = PBXGroup;
			children = (
				B1000003 /* AppTheme.swift */,
			);
			path = Theme;
			sourceTree = "<group>";
		};
		D1000020 /* Views */ = {
			isa = PBXGroup;
			children = (
				B1000004 /* HomeView.swift */,
				B1000005 /* AddPhotosView.swift */,
				B1000006 /* LifeMomentsView.swift */,
				B1000007 /* LovedOneView.swift */,
				B1000008 /* GeneratingView.swift */,
				B1000009 /* ResultView.swift */,
				B1000010 /* MemorySpaceView.swift */,
				B1000017 /* ThemePreviewView.swift */,
				B1000018 /* UploadPhotosPickerView.swift */,
				B1000030 /* DetectingFacesView.swift */,
				B1000090 /* ProfileView.swift */,
				B10000C0 /* RestoreView.swift */,
				B10000C1 /* PeopleListView.swift */,
				B10000C2 /* PersonTimelineView.swift */,
				B10000C3 /* PhotoDetailView.swift */,
				B1000091 /* DetectionFailedView.swift */,
				B1000094 /* PaywallView.swift */,
				D10000A0 /* Wedding */,
				D10000D0 /* Restore */,
				D10000E0 /* VoiceTribute */,
				D10000D7 /* TextEdit */,
			);
			path = Views;
			sourceTree = "<group>";
		};
		D1000030 /* Components */ = {
			isa = PBXGroup;
			children = (
				B1000011 /* AlbumCardView.swift */,
				B1000012 /* FloatingTabBar.swift */,
				B1000013 /* NavBarView.swift */,
				B1000014 /* PhotoSlotView.swift */,
				B1000026 /* ArtimindComponents.swift */,
			);
			path = Components;
			sourceTree = "<group>";
		};
		D1000040 /* Shared */ = {
			isa = PBXGroup;
			children = (
				D1000041 /* LiquidGlass */,
				D1000042 /* LiveActivity */,
				B1000092 /* NavigationSignals.swift */,
				B1000093 /* GenerationManager.swift */,
				B1000095 /* PeopleStore.swift */,
				B10000A0 /* WeddingTemplate.swift */,
				B10000A1 /* WeddingTributeManager.swift */,
				B10000E0 /* VoiceTributeSession.swift */,
			);
			path = Shared;
			sourceTree = "<group>";
		};
		D1000041 /* LiquidGlass */ = {
			isa = PBXGroup;
			children = (
				B1000020 /* GlassTypes.swift */,
				B1000021 /* GlassButtonBackgroundModifier.swift */,
				B1000022 /* LiquidGlassIconButton.swift */,
				B1000023 /* LiquidGlassTextButton.swift */,
				B1000024 /* GlassCard.swift */,
				B1000025 /* LiquidGlassUnion.swift */,
			);
			path = LiquidGlass;
			sourceTree = "<group>";
		};
		D1000042 /* LiveActivity */ = {
			isa = PBXGroup;
			children = (
				B1000031 /* ArtimindActivityAttributes.swift */,
				B1000032 /* LiveActivityController.swift */,
			);
			path = LiveActivity;
			sourceTree = "<group>";
		};
		D1000050 /* ArtimindMemoirWidgets */ = {
			isa = PBXGroup;
			children = (
				B1000050 /* ArtimindMemoirWidgetsBundle.swift */,
				B1000051 /* ArtimindActivityAttributes.swift */,
				B1000052 /* ArtimindGeneratingLiveActivity.swift */,
				B1000080 /* Assets.xcassets */,
				B1000053 /* Info.plist */,
			);
			path = ArtimindMemoirWidgets;
			sourceTree = "<group>";
		};
		D1000070 /* Fonts */ = {
			isa = PBXGroup;
			children = (
				B1000070 /* CormorantGaramond-Regular.ttf */,
				B1000071 /* CormorantGaramond-Medium.ttf */,
				B1000072 /* CormorantGaramond-SemiBold.ttf */,
				B1000073 /* CormorantGaramond-Bold.ttf */,
				B1000074 /* CormorantGaramond-Italic.ttf */,
				B1000075 /* CormorantGaramond-SemiBoldItalic.ttf */,
				B1000076 /* CormorantGaramond-BoldItalic.ttf */,
				B1000077 /* DMSans-Regular.ttf */,
				B1000078 /* DMSans-Medium.ttf */,
				B1000079 /* DMSans-SemiBold.ttf */,
				B100007A /* DMSans-Bold.ttf */,
			);
			path = Fonts;
			sourceTree = "<group>";
		};
		D10000B0 /* Videos */ = {
			isa = PBXGroup;
			children = (
				B10000B0 /* wedding-preview.mov */,
			B10000B1 /* restore-hero.mov */,
			);
			path = Videos;
			sourceTree = "<group>";
		};
		D1000071 /* Resources */ = {
			isa = PBXGroup;
			children = (
				D1000070 /* Fonts */,
				D10000B0 /* Videos */,
			);
			path = Resources;
			sourceTree = "<group>";
		};
		D1000099 /* Products */ = {
			isa = PBXGroup;
			children = (
				B1000000 /* ArtimindMemoir.app */,
				B1000054 /* ArtimindMemoirWidgetsExtension.appex */,
			);
			name = Products;
			sourceTree = "<group>";
		};
		D10000A0 /* Wedding */ = {
			isa = PBXGroup;
			children = (
				B10000A3 /* WeddingUploadPhotosView.swift */,
				B10000A4 /* WeddingUploadAudioView.swift */,
				B10000A5 /* WeddingEditScriptView.swift */,
				B10000A6 /* WeddingProcessingView.swift */,
				B10000A7 /* WeddingOutputPreviewView.swift */,
			);
			path = Wedding;
			sourceTree = "<group>";
		};
		D10000D0 /* Restore */ = {
			isa = PBXGroup;
			children = (
				B10000D0 /* PhotoRestoreGuideView.swift */,
				B10000D1 /* PhotoRestorePreviewView.swift */,
				B10000D2 /* PhotoRestoreProcessingView.swift */,
				B10000D3 /* PhotoRestoreResultView.swift */,
				B10000D4 /* ColorizeGuideView.swift */,
				B10000D5 /* FaceEnhanceGuideView.swift */,
				B10000D6 /* VideoRestoreGuideView.swift */,
			);
			path = Restore;
			sourceTree = "<group>";
		};
		D10000E0 /* VoiceTribute */ = {
			isa = PBXGroup;
			children = (
				B10000E1 /* VoiceTributeGuideView.swift */,
				B10000E2 /* VoiceTributePhotoView.swift */,
				B10000E3 /* VoiceTributeAudioView.swift */,
				B10000E7 /* VoiceGalleryView.swift */,
				B10000E4 /* VoiceTributeScriptView.swift */,
				B10000E5 /* VoiceTributeProcessingView.swift */,
				B10000E6 /* VoiceTributeResultView.swift */,
			);
			path = VoiceTribute;
			sourceTree = "<group>";
		};
		D10000D7 /* TextEdit */ = {
			isa = PBXGroup;
			children = (
				B10000D7 /* TextEditGuideView.swift */,
				B10000D8 /* TextEditPhotoView.swift */,
				B10000D9 /* TextEditResultView.swift */,
			);
			path = TextEdit;
			sourceTree = "<group>";
		};
/* End PBXGroup section */

/* Begin PBXNativeTarget section */
		E1000001 /* ArtimindMemoir */ = {
			isa = PBXNativeTarget;
			buildConfigurationList = F1000001 /* Build configuration list for PBXNativeTarget "ArtimindMemoir" */;
			buildPhases = (
				E1000010 /* Sources */,
				C1000001 /* Frameworks */,
				E1000020 /* Resources */,
				/* E1000063 Embed Foundation Extensions - disabled */
			);
			buildRules = (
			);
			dependencies = (
			);
			name = ArtimindMemoir;
			productName = ArtimindMemoir;
			productReference = B1000000 /* ArtimindMemoir.app */;
			productType = "com.apple.product-type.application";
		};
		E1000050 /* ArtimindMemoirWidgetsExtension */ = {
			isa = PBXNativeTarget;
			buildConfigurationList = F1000052 /* Build configuration list for PBXNativeTarget "ArtimindMemoirWidgetsExtension" */;
			buildPhases = (
				E1000060 /* Sources */,
				C1000050 /* Frameworks */,
				E1000062 /* Resources */,
			);
			buildRules = (
			);
			dependencies = (
			);
			name = ArtimindMemoirWidgetsExtension;
			productName = ArtimindMemoirWidgets;
			productReference = B1000054 /* ArtimindMemoirWidgetsExtension.appex */;
			productType = "com.apple.product-type.app-extension";
		};
/* End PBXNativeTarget section */

/* Begin PBXProject section */
		E1000000 /* Project object */ = {
			isa = PBXProject;
			attributes = {
				BuildIndependentTargetsInParallel = 1;
				LastSwiftUpdateCheck = 1600;
				LastUpgradeCheck = 2630;
				TargetAttributes = {
					E1000001 = {
						CreatedOnToolsVersion = 16.0;
					};
				};
			};
			buildConfigurationList = F1000000 /* Build configuration list for PBXProject "ArtimindMemoir" */;
			compatibilityVersion = "Xcode 14.0";
			developmentRegion = en;
			hasScannedForEncodings = 0;
			knownRegions = (
				en,
				Base,
			);
			mainGroup = D1000000;
			productRefGroup = D1000099 /* Products */;
			projectDirPath = "";
			projectRoot = "";
			targets = (
				E1000001 /* ArtimindMemoir */,
				E1000050 /* ArtimindMemoirWidgetsExtension */,
			);
		};
/* End PBXProject section */

/* Begin PBXResourcesBuildPhase section */
		E1000020 /* Resources */ = {
			isa = PBXResourcesBuildPhase;
			buildActionMask = 2147483647;
			files = (
				A1000015 /* Assets.xcassets in Resources */,
				A1000070 /* CormorantGaramond-Regular.ttf in Resources */,
				A1000071 /* CormorantGaramond-Medium.ttf in Resources */,
				A1000072 /* CormorantGaramond-SemiBold.ttf in Resources */,
				A1000073 /* CormorantGaramond-Bold.ttf in Resources */,
				A1000074 /* CormorantGaramond-Italic.ttf in Resources */,
				A1000075 /* CormorantGaramond-SemiBoldItalic.ttf in Resources */,
				A1000076 /* CormorantGaramond-BoldItalic.ttf in Resources */,
				A1000077 /* DMSans-Regular.ttf in Resources */,
				A1000078 /* DMSans-Medium.ttf in Resources */,
				A1000079 /* DMSans-SemiBold.ttf in Resources */,
				A100007A /* DMSans-Bold.ttf in Resources */,
				A10000B0 /* wedding-preview.mov in Resources */,
				A10000B1 /* restore-hero.mov in Resources */,
			);
			runOnlyForDeploymentPostprocessing = 0;
		};
		E1000062 /* Resources */ = {
			isa = PBXResourcesBuildPhase;
			buildActionMask = 2147483647;
			files = (
				A1000080 /* Assets.xcassets in Resources */,
			);
			runOnlyForDeploymentPostprocessing = 0;
		};
/* End PBXResourcesBuildPhase section */

/* Begin PBXSourcesBuildPhase section */
		E1000010 /* Sources */ = {
			isa = PBXSourcesBuildPhase;
			buildActionMask = 2147483647;
			files = (
				A1000001 /* ArtimindMemoirApp.swift in Sources */,
				A1000002 /* ContentView.swift in Sources */,
				A1000003 /* AppTheme.swift in Sources */,
				A1000004 /* HomeView.swift in Sources */,
				A1000005 /* AddPhotosView.swift in Sources */,
				A1000006 /* LifeMomentsView.swift in Sources */,
				A1000007 /* LovedOneView.swift in Sources */,
				A1000008 /* GeneratingView.swift in Sources */,
				A1000009 /* ResultView.swift in Sources */,
				A1000010 /* MemorySpaceView.swift in Sources */,
				A1000011 /* AlbumCardView.swift in Sources */,
				A1000012 /* FloatingTabBar.swift in Sources */,
				A1000013 /* NavBarView.swift in Sources */,
				A1000014 /* PhotoSlotView.swift in Sources */,
				A1000016 /* ThemePreviewView.swift in Sources */,
				A1000017 /* UploadPhotosPickerView.swift in Sources */,
				A1000020 /* GlassTypes.swift in Sources */,
				A1000021 /* GlassButtonBackgroundModifier.swift in Sources */,
				A1000022 /* LiquidGlassIconButton.swift in Sources */,
				A1000023 /* LiquidGlassTextButton.swift in Sources */,
				A1000024 /* GlassCard.swift in Sources */,
				A1000025 /* LiquidGlassUnion.swift in Sources */,
				A1000026 /* ArtimindComponents.swift in Sources */,
				A1000030 /* DetectingFacesView.swift in Sources */,
				A1000031 /* ArtimindActivityAttributes.swift in Sources */,
				A1000032 /* LiveActivityController.swift in Sources */,
				A1000090 /* ProfileView.swift in Sources */,
				A10000C0 /* RestoreView.swift in Sources */,
				A10000C1 /* PeopleListView.swift in Sources */,
				A10000C2 /* PersonTimelineView.swift in Sources */,
				A10000C3 /* PhotoDetailView.swift in Sources */,
				A10000D0 /* PhotoRestoreGuideView.swift in Sources */,
				A10000D1 /* PhotoRestorePreviewView.swift in Sources */,
				A10000D2 /* PhotoRestoreProcessingView.swift in Sources */,
				A10000D3 /* PhotoRestoreResultView.swift in Sources */,
				A10000D4 /* ColorizeGuideView.swift in Sources */,
				A10000D5 /* FaceEnhanceGuideView.swift in Sources */,
				A10000D6 /* VideoRestoreGuideView.swift in Sources */,
				A10000D7 /* TextEditGuideView.swift in Sources */,
				A10000D8 /* TextEditPhotoView.swift in Sources */,
				A10000D9 /* TextEditResultView.swift in Sources */,
				A10000E0 /* VoiceTributeSession.swift in Sources */,
				A10000E1 /* VoiceTributeGuideView.swift in Sources */,
				A10000E2 /* VoiceTributePhotoView.swift in Sources */,
				A10000E3 /* VoiceTributeAudioView.swift in Sources */,
				A10000E7 /* VoiceGalleryView.swift in Sources */,
				A10000E4 /* VoiceTributeScriptView.swift in Sources */,
				A10000E5 /* VoiceTributeProcessingView.swift in Sources */,
				A10000E6 /* VoiceTributeResultView.swift in Sources */,
				A1000091 /* DetectionFailedView.swift in Sources */,
				A1000092 /* NavigationSignals.swift in Sources */,
				A1000093 /* GenerationManager.swift in Sources */,
				A1000095 /* PeopleStore.swift in Sources */,
				A1000094 /* PaywallView.swift in Sources */,
				A10000A0 /* WeddingTemplate.swift in Sources */,
				A10000A1 /* WeddingTributeManager.swift in Sources */,
				A10000A3 /* WeddingUploadPhotosView.swift in Sources */,
				A10000A4 /* WeddingUploadAudioView.swift in Sources */,
				A10000A5 /* WeddingEditScriptView.swift in Sources */,
				A10000A6 /* WeddingProcessingView.swift in Sources */,
				A10000A7 /* WeddingOutputPreviewView.swift in Sources */,
			);
			runOnlyForDeploymentPostprocessing = 0;
		};
		E1000060 /* Sources */ = {
			isa = PBXSourcesBuildPhase;
			buildActionMask = 2147483647;
			files = (
				A1000050 /* ArtimindMemoirWidgetsBundle.swift in Sources */,
				A1000051 /* ArtimindActivityAttributes.swift in Sources */,
				A1000052 /* ArtimindGeneratingLiveActivity.swift in Sources */,
			);
			runOnlyForDeploymentPostprocessing = 0;
		};
/* End PBXSourcesBuildPhase section */

/* Begin PBXTargetDependency section */
		Q1000050 /* PBXTargetDependency */ = {
			isa = PBXTargetDependency;
			target = E1000050 /* ArtimindMemoirWidgetsExtension */;
			targetProxy = P1000050 /* PBXContainerItemProxy */;
		};
/* End PBXTargetDependency section */

/* Begin XCBuildConfiguration section */
		F1000010 /* Debug */ = {
			isa = XCBuildConfiguration;
			buildSettings = {
				ALWAYS_SEARCH_USER_PATHS = NO;
				ASSETCATALOG_COMPILER_GENERATE_SWIFT_ASSET_SYMBOL_EXTENSIONS = YES;
				CLANG_ANALYZER_NONNULL = YES;
				CLANG_ANALYZER_NUMBER_OBJECT_CONVERSION = YES_AGGRESSIVE;
				CLANG_CXX_LANGUAGE_STANDARD = "gnu++20";
				CLANG_ENABLE_MODULES = YES;
				CLANG_ENABLE_OBJC_ARC = YES;
				CLANG_ENABLE_OBJC_WEAK = YES;
				CLANG_WARN_BLOCK_CAPTURE_AUTORELEASING = YES;
				CLANG_WARN_BOOL_CONVERSION = YES;
				CLANG_WARN_COMMA = YES;
				CLANG_WARN_CONSTANT_CONVERSION = YES;
				CLANG_WARN_DEPRECATED_OBJC_IMPLEMENTATIONS = YES;
				CLANG_WARN_DIRECT_OBJC_ISA_USAGE = YES_ERROR;
				CLANG_WARN_DOCUMENTATION_COMMENTS = YES;
				CLANG_WARN_EMPTY_BODY = YES;
				CLANG_WARN_ENUM_CONVERSION = YES;
				CLANG_WARN_INFINITE_RECURSION = YES;
				CLANG_WARN_INT_CONVERSION = YES;
				CLANG_WARN_NON_LITERAL_NULL_CONVERSION = YES;
				CLANG_WARN_OBJC_IMPLICIT_RETAIN_CYCLE = YES;
				CLANG_WARN_OBJC_IMPLICIT_RETAIN_SELF = YES;
				CLANG_WARN_OBJC_LITERAL_CONVERSION = YES;
				CLANG_WARN_OBJC_ROOT_CLASS = YES_ERROR;
				CLANG_WARN_QUOTED_INCLUDE_IN_FRAMEWORK_HEADER = YES;
				CLANG_WARN_RANGE_LOOP_ANALYSIS = YES;
				CLANG_WARN_STRICT_PROTOTYPES = YES;
				CLANG_WARN_SUSPICIOUS_MOVE = YES;
				CLANG_WARN_UNGUARDED_AVAILABILITY = YES_AGGRESSIVE;
				CLANG_WARN_UNREACHABLE_CODE = YES;
				CLANG_WARN__DUPLICATE_METHOD_MATCH = YES;
				COPY_PHASE_STRIP = NO;
				DEBUG_INFORMATION_FORMAT = dwarf;
				DEVELOPMENT_TEAM = KS4Z2R52B4;
				ENABLE_STRICT_OBJC_MSGSEND = YES;
				ENABLE_TESTABILITY = YES;
				ENABLE_USER_SCRIPT_SANDBOXING = YES;
				GCC_C_LANGUAGE_STANDARD = gnu17;
				GCC_DYNAMIC_NO_PIC = NO;
				GCC_NO_COMMON_BLOCKS = YES;
				GCC_OPTIMIZATION_LEVEL = 0;
				GCC_PREPROCESSOR_DEFINITIONS = (
					"DEBUG=1",
					"$(inherited)",
				);
				GCC_WARN_64_TO_32_BIT_CONVERSION = YES;
				GCC_WARN_ABOUT_RETURN_TYPE = YES_ERROR;
				GCC_WARN_UNDECLARED_SELECTOR = YES;
				GCC_WARN_UNINITIALIZED_AUTOS = YES_AGGRESSIVE;
				GCC_WARN_UNUSED_FUNCTION = YES;
				GCC_WARN_UNUSED_VARIABLE = YES;
				IPHONEOS_DEPLOYMENT_TARGET = 26.0;
				MTL_ENABLE_DEBUG_INFO = INCLUDE_SOURCE;
				MTL_FAST_MATH = YES;
				ONLY_ACTIVE_ARCH = YES;
				SDKROOT = iphoneos;
				STRING_CATALOG_GENERATE_SYMBOLS = YES;
				SWIFT_ACTIVE_COMPILATION_CONDITIONS = "DEBUG $(inherited)";
				SWIFT_OPTIMIZATION_LEVEL = "-Onone";
			};
			name = Debug;
		};
		F1000011 /* Release */ = {
			isa = XCBuildConfiguration;
			buildSettings = {
				ALWAYS_SEARCH_USER_PATHS = NO;
				ASSETCATALOG_COMPILER_GENERATE_SWIFT_ASSET_SYMBOL_EXTENSIONS = YES;
				CLANG_ANALYZER_NONNULL = YES;
				CLANG_ANALYZER_NUMBER_OBJECT_CONVERSION = YES_AGGRESSIVE;
				CLANG_CXX_LANGUAGE_STANDARD = "gnu++20";
				CLANG_ENABLE_MODULES = YES;
				CLANG_ENABLE_OBJC_ARC = YES;
				CLANG_ENABLE_OBJC_WEAK = YES;
				CLANG_WARN_BLOCK_CAPTURE_AUTORELEASING = YES;
				CLANG_WARN_BOOL_CONVERSION = YES;
				CLANG_WARN_COMMA = YES;
				CLANG_WARN_CONSTANT_CONVERSION = YES;
				CLANG_WARN_DEPRECATED_OBJC_IMPLEMENTATIONS = YES;
				CLANG_WARN_DIRECT_OBJC_ISA_USAGE = YES_ERROR;
				CLANG_WARN_DOCUMENTATION_COMMENTS = YES;
				CLANG_WARN_EMPTY_BODY = YES;
				CLANG_WARN_ENUM_CONVERSION = YES;
				CLANG_WARN_INFINITE_RECURSION = YES;
				CLANG_WARN_INT_CONVERSION = YES;
				CLANG_WARN_NON_LITERAL_NULL_CONVERSION = YES;
				CLANG_WARN_OBJC_IMPLICIT_RETAIN_CYCLE = YES;
				CLANG_WARN_OBJC_IMPLICIT_RETAIN_SELF = YES;
				CLANG_WARN_OBJC_LITERAL_CONVERSION = YES;
				CLANG_WARN_OBJC_ROOT_CLASS = YES_ERROR;
				CLANG_WARN_QUOTED_INCLUDE_IN_FRAMEWORK_HEADER = YES;
				CLANG_WARN_RANGE_LOOP_ANALYSIS = YES;
				CLANG_WARN_STRICT_PROTOTYPES = YES;
				CLANG_WARN_SUSPICIOUS_MOVE = YES;
				CLANG_WARN_UNGUARDED_AVAILABILITY = YES_AGGRESSIVE;
				CLANG_WARN_UNREACHABLE_CODE = YES;
				CLANG_WARN__DUPLICATE_METHOD_MATCH = YES;
				COPY_PHASE_STRIP = NO;
				DEBUG_INFORMATION_FORMAT = "dwarf-with-dsym";
				DEVELOPMENT_TEAM = KS4Z2R52B4;
				ENABLE_NS_ASSERTIONS = NO;
				ENABLE_STRICT_OBJC_MSGSEND = YES;
				ENABLE_USER_SCRIPT_SANDBOXING = YES;
				GCC_C_LANGUAGE_STANDARD = gnu17;
				GCC_NO_COMMON_BLOCKS = YES;
				GCC_WARN_64_TO_32_BIT_CONVERSION = YES;
				GCC_WARN_ABOUT_RETURN_TYPE = YES_ERROR;
				GCC_WARN_UNDECLARED_SELECTOR = YES;
				GCC_WARN_UNINITIALIZED_AUTOS = YES_AGGRESSIVE;
				GCC_WARN_UNUSED_FUNCTION = YES;
				GCC_WARN_UNUSED_VARIABLE = YES;
				IPHONEOS_DEPLOYMENT_TARGET = 26.0;
				MTL_FAST_MATH = YES;
				SDKROOT = iphoneos;
				STRING_CATALOG_GENERATE_SYMBOLS = YES;
				SWIFT_COMPILATION_MODE = wholemodule;
				VALIDATE_PRODUCT = YES;
			};
			name = Release;
		};
		F1000020 /* Debug */ = {
			isa = XCBuildConfiguration;
			buildSettings = {
				ASSETCATALOG_COMPILER_APPICON_NAME = AppIcon;
				ASSETCATALOG_COMPILER_GLOBAL_ACCENT_COLOR_NAME = AccentColor;
				CODE_SIGN_STYLE = Automatic;
				CURRENT_PROJECT_VERSION = 1;
				DEVELOPMENT_ASSET_PATHS = "";
				DEVELOPMENT_TEAM = KS4Z2R52B4;
				ENABLE_PREVIEWS = YES;
				GENERATE_INFOPLIST_FILE = NO;
				INFOPLIST_FILE = ArtimindMemoir/Info.plist;
				INFOPLIST_KEY_UIApplicationSceneManifest_Generation = YES;
				INFOPLIST_KEY_UIApplicationSupportsIndirectInputEvents = YES;
				INFOPLIST_KEY_UILaunchScreen_Generation = NO;
				INFOPLIST_KEY_UISupportedInterfaceOrientations_iPad = "UIInterfaceOrientationPortrait UIInterfaceOrientationPortraitUpsideDown UIInterfaceOrientationLandscapeLeft UIInterfaceOrientationLandscapeRight";
				INFOPLIST_KEY_UISupportedInterfaceOrientations_iPhone = UIInterfaceOrientationPortrait;
				IPHONEOS_DEPLOYMENT_TARGET = 26.0;
				LD_RUNPATH_SEARCH_PATHS = (
					"$(inherited)",
					"@executable_path/Frameworks",
				);
				MARKETING_VERSION = 1.0;
				PRODUCT_BUNDLE_IDENTIFIER = com.artimind.memoir;
				PRODUCT_NAME = "$(TARGET_NAME)";
				SWIFT_EMIT_LOC_STRINGS = YES;
				SWIFT_VERSION = 5.0;
				TARGETED_DEVICE_FAMILY = 1;
			};
			name = Debug;
		};
		F1000021 /* Release */ = {
			isa = XCBuildConfiguration;
			buildSettings = {
				ASSETCATALOG_COMPILER_APPICON_NAME = AppIcon;
				ASSETCATALOG_COMPILER_GLOBAL_ACCENT_COLOR_NAME = AccentColor;
				CODE_SIGN_STYLE = Automatic;
				CURRENT_PROJECT_VERSION = 1;
				DEVELOPMENT_ASSET_PATHS = "";
				DEVELOPMENT_TEAM = KS4Z2R52B4;
				ENABLE_PREVIEWS = YES;
				GENERATE_INFOPLIST_FILE = NO;
				INFOPLIST_FILE = ArtimindMemoir/Info.plist;
				INFOPLIST_KEY_UIApplicationSceneManifest_Generation = YES;
				INFOPLIST_KEY_UIApplicationSupportsIndirectInputEvents = YES;
				INFOPLIST_KEY_UILaunchScreen_Generation = NO;
				INFOPLIST_KEY_UISupportedInterfaceOrientations_iPad = "UIInterfaceOrientationPortrait UIInterfaceOrientationPortraitUpsideDown UIInterfaceOrientationLandscapeLeft UIInterfaceOrientationLandscapeRight";
				INFOPLIST_KEY_UISupportedInterfaceOrientations_iPhone = UIInterfaceOrientationPortrait;
				IPHONEOS_DEPLOYMENT_TARGET = 26.0;
				LD_RUNPATH_SEARCH_PATHS = (
					"$(inherited)",
					"@executable_path/Frameworks",
				);
				MARKETING_VERSION = 1.0;
				PRODUCT_BUNDLE_IDENTIFIER = com.artimind.memoir;
				PRODUCT_NAME = "$(TARGET_NAME)";
				SWIFT_EMIT_LOC_STRINGS = YES;
				SWIFT_VERSION = 5.0;
				TARGETED_DEVICE_FAMILY = 1;
			};
			name = Release;
		};
		F1000050 /* Debug */ = {
			isa = XCBuildConfiguration;
			buildSettings = {
				CODE_SIGN_STYLE = Automatic;
				CURRENT_PROJECT_VERSION = 1;
				DEVELOPMENT_TEAM = KS4Z2R52B4;
				GENERATE_INFOPLIST_FILE = YES;
				INFOPLIST_FILE = ArtimindMemoirWidgets/Info.plist;
				INFOPLIST_KEY_CFBundleDisplayName = ArtimindMemoirWidgets;
				INFOPLIST_KEY_NSHumanReadableCopyright = "";
				IPHONEOS_DEPLOYMENT_TARGET = 26.0;
				LD_RUNPATH_SEARCH_PATHS = (
					"$(inherited)",
					"@executable_path/Frameworks",
					"@executable_path/../../Frameworks",
				);
				MARKETING_VERSION = 1.0;
				PRODUCT_BUNDLE_IDENTIFIER = com.artimind.memoir.ArtimindMemoirWidgets;
				PRODUCT_NAME = "$(TARGET_NAME)";
				SDKROOT = iphoneos;
				SKIP_INSTALL = YES;
				SWIFT_EMIT_LOC_STRINGS = YES;
				SWIFT_VERSION = 5.0;
				TARGETED_DEVICE_FAMILY = 1;
			};
			name = Debug;
		};
		F1000051 /* Release */ = {
			isa = XCBuildConfiguration;
			buildSettings = {
				CODE_SIGN_STYLE = Automatic;
				CURRENT_PROJECT_VERSION = 1;
				DEVELOPMENT_TEAM = KS4Z2R52B4;
				GENERATE_INFOPLIST_FILE = YES;
				INFOPLIST_FILE = ArtimindMemoirWidgets/Info.plist;
				INFOPLIST_KEY_CFBundleDisplayName = ArtimindMemoirWidgets;
				INFOPLIST_KEY_NSHumanReadableCopyright = "";
				IPHONEOS_DEPLOYMENT_TARGET = 26.0;
				LD_RUNPATH_SEARCH_PATHS = (
					"$(inherited)",
					"@executable_path/Frameworks",
					"@executable_path/../../Frameworks",
				);
				MARKETING_VERSION = 1.0;
				PRODUCT_BUNDLE_IDENTIFIER = com.artimind.memoir.ArtimindMemoirWidgets;
				PRODUCT_NAME = "$(TARGET_NAME)";
				SDKROOT = iphoneos;
				SKIP_INSTALL = YES;
				SWIFT_EMIT_LOC_STRINGS = YES;
				SWIFT_VERSION = 5.0;
				TARGETED_DEVICE_FAMILY = 1;
			};
			name = Release;
		};
/* End XCBuildConfiguration section */

/* Begin XCConfigurationList section */
		F1000000 /* Build configuration list for PBXProject "ArtimindMemoir" */ = {
			isa = XCConfigurationList;
			buildConfigurations = (
				F1000010 /* Debug */,
				F1000011 /* Release */,
			);
			defaultConfigurationIsVisible = 0;
			defaultConfigurationName = Release;
		};
		F1000001 /* Build configuration list for PBXNativeTarget "ArtimindMemoir" */ = {
			isa = XCConfigurationList;
			buildConfigurations = (
				F1000020 /* Debug */,
				F1000021 /* Release */,
			);
			defaultConfigurationIsVisible = 0;
			defaultConfigurationName = Release;
		};
		F1000052 /* Build configuration list for PBXNativeTarget "ArtimindMemoirWidgetsExtension" */ = {
			isa = XCConfigurationList;
			buildConfigurations = (
				F1000050 /* Debug */,
				F1000051 /* Release */,
			);
			defaultConfigurationIsVisible = 0;
			defaultConfigurationName = Release;
		};
/* End XCConfigurationList section */
	};
	rootObject = E1000000 /* Project object */;
}
